// !$*UTF8*$!
{
	archiveVersion = 1;
	classes = {
	};
	objectVersion = 46;
	objects = {

/* Begin PBXBuildFile section */
		0E0095B6193FF3ED00FE334E /* ShowDescriptionTableViewCell.swift in Sources */ = {isa = PBXBuildFile; fileRef = 0E0095B5193FF3ED00FE334E /* ShowDescriptionTableViewCell.swift */; };
		0EEA7DED193F8FDB00CAED5D /* Images.xcassets in Resources */ = {isa = PBXBuildFile; fileRef = 0EEA7DEC193F8FDB00CAED5D /* Images.xcassets */; };
		0EEA7DF9193F8FDB00CAED5D /* KUCITests.swift in Sources */ = {isa = PBXBuildFile; fileRef = 0EEA7DF8193F8FDB00CAED5D /* KUCITests.swift */; };
		0EEA7E06193F900000CAED5D /* HTMLNode.m in Sources */ = {isa = PBXBuildFile; fileRef = 0EEA7E03193F900000CAED5D /* HTMLNode.m */; };
		0EEA7E07193F900000CAED5D /* HTMLParser.m in Sources */ = {isa = PBXBuildFile; fileRef = 0EEA7E05193F900000CAED5D /* HTMLParser.m */; };
		0EEA7E0D193F903400CAED5D /* ScheduleViewController.swift in Sources */ = {isa = PBXBuildFile; fileRef = 0EEA7E0C193F903400CAED5D /* ScheduleViewController.swift */; };
		0EEA7E12193F905800CAED5D /* SourceSansPro-Bold.otf in Resources */ = {isa = PBXBuildFile; fileRef = 0EEA7E0F193F905800CAED5D /* SourceSansPro-Bold.otf */; };
		0EEA7E13193F905800CAED5D /* SourceSansPro-Regular.otf in Resources */ = {isa = PBXBuildFile; fileRef = 0EEA7E10193F905800CAED5D /* SourceSansPro-Regular.otf */; };
		0EEA7E14193F905800CAED5D /* SourceSansPro-Semibold.otf in Resources */ = {isa = PBXBuildFile; fileRef = 0EEA7E11193F905800CAED5D /* SourceSansPro-Semibold.otf */; };
		0EEA7E16193F906000CAED5D /* UIFont.swift in Sources */ = {isa = PBXBuildFile; fileRef = 0EEA7E15193F906000CAED5D /* UIFont.swift */; };
		0EEA7E19193F908800CAED5D /* Show.swift in Sources */ = {isa = PBXBuildFile; fileRef = 0EEA7E18193F908800CAED5D /* Show.swift */; };
		0EEA7E1D193F90B200CAED5D /* ScheduleParser.m in Sources */ = {isa = PBXBuildFile; fileRef = 0EEA7E1C193F90B200CAED5D /* ScheduleParser.m */; };
		0EEA7E20193F90CA00CAED5D /* ShowViewController.swift in Sources */ = {isa = PBXBuildFile; fileRef = 0EEA7E1F193F90CA00CAED5D /* ShowViewController.swift */; };
		0EEA7E22193F90D000CAED5D /* ShowTableViewCell.swift in Sources */ = {isa = PBXBuildFile; fileRef = 0EEA7E21193F90D000CAED5D /* ShowTableViewCell.swift */; };
		0EEA7E25193F90E700CAED5D /* Main.storyboard in Resources */ = {isa = PBXBuildFile; fileRef = 0EEA7E24193F90E700CAED5D /* Main.storyboard */; };
		0EEA7E27193F91BC00CAED5D /* libxml2.dylib in Frameworks */ = {isa = PBXBuildFile; fileRef = 0EEA7E26193F91BC00CAED5D /* libxml2.dylib */; };
		0EEA7E29193F924E00CAED5D /* AppDelegate.swift in Sources */ = {isa = PBXBuildFile; fileRef = 0EEA7E28193F924E00CAED5D /* AppDelegate.swift */; };
/* End PBXBuildFile section */

/* Begin PBXContainerItemProxy section */
		0EEA7DF3193F8FDB00CAED5D /* PBXContainerItemProxy */ = {
			isa = PBXContainerItemProxy;
			containerPortal = 0EEA7DD8193F8FDB00CAED5D /* Project object */;
			proxyType = 1;
			remoteGlobalIDString = 0EEA7DDF193F8FDB00CAED5D;
			remoteInfo = KUCI;
		};
/* End PBXContainerItemProxy section */

/* Begin PBXFileReference section */
		0E0095B5193FF3ED00FE334E /* ShowDescriptionTableViewCell.swift */ = {isa = PBXFileReference; fileEncoding = 4; lastKnownFileType = sourcecode.swift; path = ShowDescriptionTableViewCell.swift; sourceTree = "<group>"; };
		0EEA7DE0193F8FDB00CAED5D /* KUCI.app */ = {isa = PBXFileReference; explicitFileType = wrapper.application; includeInIndex = 0; path = KUCI.app; sourceTree = BUILT_PRODUCTS_DIR; };
		0EEA7DE4193F8FDB00CAED5D /* Info.plist */ = {isa = PBXFileReference; lastKnownFileType = text.plist.xml; path = Info.plist; sourceTree = "<group>"; };
		0EEA7DEC193F8FDB00CAED5D /* Images.xcassets */ = {isa = PBXFileReference; lastKnownFileType = folder.assetcatalog; path = Images.xcassets; sourceTree = "<group>"; };
		0EEA7DF2193F8FDB00CAED5D /* KUCITests.xctest */ = {isa = PBXFileReference; explicitFileType = wrapper.cfbundle; includeInIndex = 0; path = KUCITests.xctest; sourceTree = BUILT_PRODUCTS_DIR; };
		0EEA7DF7193F8FDB00CAED5D /* Info.plist */ = {isa = PBXFileReference; lastKnownFileType = text.plist.xml; path = Info.plist; sourceTree = "<group>"; };
		0EEA7DF8193F8FDB00CAED5D /* KUCITests.swift */ = {isa = PBXFileReference; lastKnownFileType = sourcecode.swift; path = KUCITests.swift; sourceTree = "<group>"; };
		0EEA7E02193F900000CAED5D /* HTMLNode.h */ = {isa = PBXFileReference; fileEncoding = 4; lastKnownFileType = sourcecode.c.h; path = HTMLNode.h; sourceTree = "<group>"; };
		0EEA7E03193F900000CAED5D /* HTMLNode.m */ = {isa = PBXFileReference; fileEncoding = 4; lastKnownFileType = sourcecode.c.objc; path = HTMLNode.m; sourceTree = "<group>"; };
		0EEA7E04193F900000CAED5D /* HTMLParser.h */ = {isa = PBXFileReference; fileEncoding = 4; lastKnownFileType = sourcecode.c.h; path = HTMLParser.h; sourceTree = "<group>"; };
		0EEA7E05193F900000CAED5D /* HTMLParser.m */ = {isa = PBXFileReference; fileEncoding = 4; lastKnownFileType = sourcecode.c.objc; path = HTMLParser.m; sourceTree = "<group>"; };
		0EEA7E0A193F901F00CAED5D /* KUCI-Bridging-Header.h */ = {isa = PBXFileReference; fileEncoding = 4; lastKnownFileType = sourcecode.c.h; path = "KUCI-Bridging-Header.h"; sourceTree = "<group>"; };
		0EEA7E0C193F903400CAED5D /* ScheduleViewController.swift */ = {isa = PBXFileReference; fileEncoding = 4; lastKnownFileType = sourcecode.swift; path = ScheduleViewController.swift; sourceTree = "<group>"; };
		0EEA7E0F193F905800CAED5D /* SourceSansPro-Bold.otf */ = {isa = PBXFileReference; lastKnownFileType = file; path = "SourceSansPro-Bold.otf"; sourceTree = "<group>"; };
		0EEA7E10193F905800CAED5D /* SourceSansPro-Regular.otf */ = {isa = PBXFileReference; lastKnownFileType = file; path = "SourceSansPro-Regular.otf"; sourceTree = "<group>"; };
		0EEA7E11193F905800CAED5D /* SourceSansPro-Semibold.otf */ = {isa = PBXFileReference; lastKnownFileType = file; path = "SourceSansPro-Semibold.otf"; sourceTree = "<group>"; };
		0EEA7E15193F906000CAED5D /* UIFont.swift */ = {isa = PBXFileReference; fileEncoding = 4; lastKnownFileType = sourcecode.swift; path = UIFont.swift; sourceTree = "<group>"; };
		0EEA7E18193F908800CAED5D /* Show.swift */ = {isa = PBXFileReference; fileEncoding = 4; lastKnownFileType = sourcecode.swift; path = Show.swift; sourceTree = "<group>"; };
		0EEA7E1B193F90B200CAED5D /* ScheduleParser.h */ = {isa = PBXFileReference; fileEncoding = 4; lastKnownFileType = sourcecode.c.h; path = ScheduleParser.h; sourceTree = "<group>"; };
		0EEA7E1C193F90B200CAED5D /* ScheduleParser.m */ = {isa = PBXFileReference; fileEncoding = 4; lastKnownFileType = sourcecode.c.objc; path = ScheduleParser.m; sourceTree = "<group>"; };
		0EEA7E1F193F90CA00CAED5D /* ShowViewController.swift */ = {isa = PBXFileReference; fileEncoding = 4; lastKnownFileType = sourcecode.swift; path = ShowViewController.swift; sourceTree = "<group>"; };
		0EEA7E21193F90D000CAED5D /* ShowTableViewCell.swift */ = {isa = PBXFileReference; fileEncoding = 4; lastKnownFileType = sourcecode.swift; path = ShowTableViewCell.swift; sourceTree = "<group>"; };
		0EEA7E24193F90E700CAED5D /* Main.storyboard */ = {isa = PBXFileReference; fileEncoding = 4; lastKnownFileType = file.storyboard; path = Main.storyboard; sourceTree = "<group>"; };
		0EEA7E26193F91BC00CAED5D /* libxml2.dylib */ = {isa = PBXFileReference; lastKnownFileType = "compiled.mach-o.dylib"; name = libxml2.dylib; path = usr/lib/libxml2.dylib; sourceTree = SDKROOT; };
		0EEA7E28193F924E00CAED5D /* AppDelegate.swift */ = {isa = PBXFileReference; fileEncoding = 4; lastKnownFileType = sourcecode.swift; path = AppDelegate.swift; sourceTree = "<group>"; };
/* End PBXFileReference section */

/* Begin PBXFrameworksBuildPhase section */
		0EEA7DDD193F8FDB00CAED5D /* Frameworks */ = {
			isa = PBXFrameworksBuildPhase;
			buildActionMask = 2147483647;
			files = (
				0EEA7E27193F91BC00CAED5D /* libxml2.dylib in Frameworks */,
			);
			runOnlyForDeploymentPostprocessing = 0;
		};
		0EEA7DEF193F8FDB00CAED5D /* Frameworks */ = {
			isa = PBXFrameworksBuildPhase;
			buildActionMask = 2147483647;
			files = (
			);
			runOnlyForDeploymentPostprocessing = 0;
		};
/* End PBXFrameworksBuildPhase section */

/* Begin PBXGroup section */
		0EEA7DD7193F8FDB00CAED5D = {
			isa = PBXGroup;
			children = (
				0EEA7DE2193F8FDB00CAED5D /* KUCI */,
				0EEA7DF5193F8FDB00CAED5D /* KUCITests */,
				0EEA7DE1193F8FDB00CAED5D /* Products */,
			);
			sourceTree = "<group>";
		};
		0EEA7DE1193F8FDB00CAED5D /* Products */ = {
			isa = PBXGroup;
			children = (
				0EEA7DE0193F8FDB00CAED5D /* KUCI.app */,
				0EEA7DF2193F8FDB00CAED5D /* KUCITests.xctest */,
			);
			name = Products;
			sourceTree = "<group>";
		};
		0EEA7DE2193F8FDB00CAED5D /* KUCI */ = {
			isa = PBXGroup;
			children = (
				0EEA7E28193F924E00CAED5D /* AppDelegate.swift */,
				0EEA7E1E193F90BC00CAED5D /* View Controllers */,
				0EEA7E1A193F90AA00CAED5D /* Models */,
				0EEA7E23193F90D300CAED5D /* Table Cells */,
				0EEA7E17193F906200CAED5D /* Extensions */,
				0EEA7E24193F90E700CAED5D /* Main.storyboard */,
				0EEA7DEC193F8FDB00CAED5D /* Images.xcassets */,
				0EEA7E09193F900800CAED5D /* Vendor */,
				0EEA7DE3193F8FDB00CAED5D /* Supporting Files */,
			);
			path = KUCI;
			sourceTree = "<group>";
		};
		0EEA7DE3193F8FDB00CAED5D /* Supporting Files */ = {
			isa = PBXGroup;
			children = (
				0EEA7E0E193F905800CAED5D /* Fonts */,
				0EEA7E26193F91BC00CAED5D /* libxml2.dylib */,
				0EEA7E0A193F901F00CAED5D /* KUCI-Bridging-Header.h */,
				0EEA7DE4193F8FDB00CAED5D /* Info.plist */,
			);
			name = "Supporting Files";
			sourceTree = "<group>";
		};
		0EEA7DF5193F8FDB00CAED5D /* KUCITests */ = {
			isa = PBXGroup;
			children = (
				0EEA7DF8193F8FDB00CAED5D /* KUCITests.swift */,
				0EEA7DF6193F8FDB00CAED5D /* Supporting Files */,
			);
			path = KUCITests;
			sourceTree = "<group>";
		};
		0EEA7DF6193F8FDB00CAED5D /* Supporting Files */ = {
			isa = PBXGroup;
			children = (
				0EEA7DF7193F8FDB00CAED5D /* Info.plist */,
			);
			name = "Supporting Files";
			sourceTree = "<group>";
		};
		0EEA7E08193F900300CAED5D /* HTMLParser */ = {
			isa = PBXGroup;
			children = (
				0EEA7E02193F900000CAED5D /* HTMLNode.h */,
				0EEA7E03193F900000CAED5D /* HTMLNode.m */,
				0EEA7E04193F900000CAED5D /* HTMLParser.h */,
				0EEA7E05193F900000CAED5D /* HTMLParser.m */,
			);
			name = HTMLParser;
			sourceTree = "<group>";
		};
		0EEA7E09193F900800CAED5D /* Vendor */ = {
			isa = PBXGroup;
			children = (
				0EEA7E08193F900300CAED5D /* HTMLParser */,
			);
			name = Vendor;
			sourceTree = "<group>";
		};
		0EEA7E0E193F905800CAED5D /* Fonts */ = {
			isa = PBXGroup;
			children = (
				0EEA7E0F193F905800CAED5D /* SourceSansPro-Bold.otf */,
				0EEA7E10193F905800CAED5D /* SourceSansPro-Regular.otf */,
				0EEA7E11193F905800CAED5D /* SourceSansPro-Semibold.otf */,
			);
			path = Fonts;
			sourceTree = "<group>";
		};
		0EEA7E17193F906200CAED5D /* Extensions */ = {
			isa = PBXGroup;
			children = (
				0EEA7E15193F906000CAED5D /* UIFont.swift */,
			);
			name = Extensions;
			sourceTree = "<group>";
		};
		0EEA7E1A193F90AA00CAED5D /* Models */ = {
			isa = PBXGroup;
			children = (
				0EEA7E18193F908800CAED5D /* Show.swift */,
				0EEA7E1B193F90B200CAED5D /* ScheduleParser.h */,
				0EEA7E1C193F90B200CAED5D /* ScheduleParser.m */,
			);
			name = Models;
			sourceTree = "<group>";
		};
		0EEA7E1E193F90BC00CAED5D /* View Controllers */ = {
			isa = PBXGroup;
			children = (
				0EEA7E1F193F90CA00CAED5D /* ShowViewController.swift */,
				0EEA7E0C193F903400CAED5D /* ScheduleViewController.swift */,
			);
			name = "View Controllers";
			sourceTree = "<group>";
		};
		0EEA7E23193F90D300CAED5D /* Table Cells */ = {
			isa = PBXGroup;
			children = (
				0EEA7E21193F90D000CAED5D /* ShowTableViewCell.swift */,
				0E0095B5193FF3ED00FE334E /* ShowDescriptionTableViewCell.swift */,
			);
			name = "Table Cells";
			sourceTree = "<group>";
		};
/* End PBXGroup section */

/* Begin PBXNativeTarget section */
		0EEA7DDF193F8FDB00CAED5D /* KUCI */ = {
			isa = PBXNativeTarget;
			buildConfigurationList = 0EEA7DFC193F8FDB00CAED5D /* Build configuration list for PBXNativeTarget "KUCI" */;
			buildPhases = (
				0EEA7DDC193F8FDB00CAED5D /* Sources */,
				0EEA7DDD193F8FDB00CAED5D /* Frameworks */,
				0EEA7DDE193F8FDB00CAED5D /* Resources */,
			);
			buildRules = (
			);
			dependencies = (
			);
			name = KUCI;
			productName = KUCI;
			productReference = 0EEA7DE0193F8FDB00CAED5D /* KUCI.app */;
			productType = "com.apple.product-type.application";
		};
		0EEA7DF1193F8FDB00CAED5D /* KUCITests */ = {
			isa = PBXNativeTarget;
			buildConfigurationList = 0EEA7DFF193F8FDB00CAED5D /* Build configuration list for PBXNativeTarget "KUCITests" */;
			buildPhases = (
				0EEA7DEE193F8FDB00CAED5D /* Sources */,
				0EEA7DEF193F8FDB00CAED5D /* Frameworks */,
				0EEA7DF0193F8FDB00CAED5D /* Resources */,
			);
			buildRules = (
			);
			dependencies = (
				0EEA7DF4193F8FDB00CAED5D /* PBXTargetDependency */,
			);
			name = KUCITests;
			productName = KUCITests;
			productReference = 0EEA7DF2193F8FDB00CAED5D /* KUCITests.xctest */;
			productType = "com.apple.product-type.bundle.unit-test";
		};
/* End PBXNativeTarget section */

/* Begin PBXProject section */
		0EEA7DD8193F8FDB00CAED5D /* Project object */ = {
			isa = PBXProject;
			attributes = {
				LastUpgradeCheck = 0600;
				ORGANIZATIONNAME = "Nealon Young";
				TargetAttributes = {
					0EEA7DDF193F8FDB00CAED5D = {
						CreatedOnToolsVersion = 6.0;
					};
					0EEA7DF1193F8FDB00CAED5D = {
						CreatedOnToolsVersion = 6.0;
						TestTargetID = 0EEA7DDF193F8FDB00CAED5D;
					};
				};
			};
			buildConfigurationList = 0EEA7DDB193F8FDB00CAED5D /* Build configuration list for PBXProject "KUCI" */;
			compatibilityVersion = "Xcode 3.2";
			developmentRegion = English;
			hasScannedForEncodings = 0;
			knownRegions = (
				en,
				Base,
			);
			mainGroup = 0EEA7DD7193F8FDB00CAED5D;
			productRefGroup = 0EEA7DE1193F8FDB00CAED5D /* Products */;
			projectDirPath = "";
			projectRoot = "";
			targets = (
				0EEA7DDF193F8FDB00CAED5D /* KUCI */,
				0EEA7DF1193F8FDB00CAED5D /* KUCITests */,
			);
		};
/* End PBXProject section */

/* Begin PBXResourcesBuildPhase section */
		0EEA7DDE193F8FDB00CAED5D /* Resources */ = {
			isa = PBXResourcesBuildPhase;
			buildActionMask = 2147483647;
			files = (
				0EEA7E14193F905800CAED5D /* SourceSansPro-Semibold.otf in Resources */,
				0EEA7E25193F90E700CAED5D /* Main.storyboard in Resources */,
				0EEA7E12193F905800CAED5D /* SourceSansPro-Bold.otf in Resources */,
				0EEA7DED193F8FDB00CAED5D /* Images.xcassets in Resources */,
				0EEA7E13193F905800CAED5D /* SourceSansPro-Regular.otf in Resources */,
			);
			runOnlyForDeploymentPostprocessing = 0;
		};
		0EEA7DF0193F8FDB00CAED5D /* Resources */ = {
			isa = PBXResourcesBuildPhase;
			buildActionMask = 2147483647;
			files = (
			);
			runOnlyForDeploymentPostprocessing = 0;
		};
/* End PBXResourcesBuildPhase section */

/* Begin PBXSourcesBuildPhase section */
		0EEA7DDC193F8FDB00CAED5D /* Sources */ = {
			isa = PBXSourcesBuildPhase;
			buildActionMask = 2147483647;
			files = (
				0EEA7E16193F906000CAED5D /* UIFont.swift in Sources */,
				0EEA7E20193F90CA00CAED5D /* ShowViewController.swift in Sources */,
				0EEA7E1D193F90B200CAED5D /* ScheduleParser.m in Sources */,
				0EEA7E29193F924E00CAED5D /* AppDelegate.swift in Sources */,
				0EEA7E0D193F903400CAED5D /* ScheduleViewController.swift in Sources */,
				0EEA7E06193F900000CAED5D /* HTMLNode.m in Sources */,
				0EEA7E19193F908800CAED5D /* Show.swift in Sources */,
				0E0095B6193FF3ED00FE334E /* ShowDescriptionTableViewCell.swift in Sources */,
				0EEA7E22193F90D000CAED5D /* ShowTableViewCell.swift in Sources */,
				0EEA7E07193F900000CAED5D /* HTMLParser.m in Sources */,
			);
			runOnlyForDeploymentPostprocessing = 0;
		};
		0EEA7DEE193F8FDB00CAED5D /* Sources */ = {
			isa = PBXSourcesBuildPhase;
			buildActionMask = 2147483647;
			files = (
				0EEA7DF9193F8FDB00CAED5D /* KUCITests.swift in Sources */,
			);
			runOnlyForDeploymentPostprocessing = 0;
		};
/* End PBXSourcesBuildPhase section */

/* Begin PBXTargetDependency section */
		0EEA7DF4193F8FDB00CAED5D /* PBXTargetDependency */ = {
			isa = PBXTargetDependency;
			target = 0EEA7DDF193F8FDB00CAED5D /* KUCI */;
			targetProxy = 0EEA7DF3193F8FDB00CAED5D /* PBXContainerItemProxy */;
		};
/* End PBXTargetDependency section */

/* Begin XCBuildConfiguration section */
		0EEA7DFA193F8FDB00CAED5D /* Debug */ = {
			isa = XCBuildConfiguration;
			buildSettings = {
				ALWAYS_SEARCH_USER_PATHS = NO;
				CLANG_CXX_LANGUAGE_STANDARD = "gnu++0x";
				CLANG_CXX_LIBRARY = "libc++";
				CLANG_ENABLE_MODULES = YES;
				CLANG_ENABLE_OBJC_ARC = YES;
				CLANG_WARN_BOOL_CONVERSION = YES;
				CLANG_WARN_CONSTANT_CONVERSION = YES;
				CLANG_WARN_DIRECT_OBJC_ISA_USAGE = YES_ERROR;
				CLANG_WARN_EMPTY_BODY = YES;
				CLANG_WARN_ENUM_CONVERSION = YES;
				CLANG_WARN_INT_CONVERSION = YES;
				CLANG_WARN_OBJC_ROOT_CLASS = YES_ERROR;
				CLANG_WARN_UNREACHABLE_CODE = YES;
				CLANG_WARN__DUPLICATE_METHOD_MATCH = YES;
				"CODE_SIGN_IDENTITY[sdk=iphoneos*]" = "iPhone Developer";
				COPY_PHASE_STRIP = NO;
				ENABLE_STRICT_OBJC_MSGSEND = YES;
				GCC_C_LANGUAGE_STANDARD = gnu99;
				GCC_DYNAMIC_NO_PIC = NO;
				GCC_OPTIMIZATION_LEVEL = 0;
				GCC_PREPROCESSOR_DEFINITIONS = (
					"DEBUG=1",
					"$(inherited)",
				);
				GCC_SYMBOLS_PRIVATE_EXTERN = NO;
				GCC_WARN_64_TO_32_BIT_CONVERSION = YES;
				GCC_WARN_ABOUT_RETURN_TYPE = YES_ERROR;
				GCC_WARN_UNDECLARED_SELECTOR = YES;
				GCC_WARN_UNINITIALIZED_AUTOS = YES_AGGRESSIVE;
				GCC_WARN_UNUSED_FUNCTION = YES;
				GCC_WARN_UNUSED_VARIABLE = YES;
				IPHONEOS_DEPLOYMENT_TARGET = 8.0;
				METAL_ENABLE_DEBUG_INFO = YES;
				ONLY_ACTIVE_ARCH = YES;
				SDKROOT = iphoneos;
				SWIFT_OPTIMIZATION_LEVEL = "-Onone";
			};
			name = Debug;
		};
		0EEA7DFB193F8FDB00CAED5D /* Release */ = {
			isa = XCBuildConfiguration;
			buildSettings = {
				ALWAYS_SEARCH_USER_PATHS = NO;
				CLANG_CXX_LANGUAGE_STANDARD = "gnu++0x";
				CLANG_CXX_LIBRARY = "libc++";
				CLANG_ENABLE_MODULES = YES;
				CLANG_ENABLE_OBJC_ARC = YES;
				CLANG_WARN_BOOL_CONVERSION = YES;
				CLANG_WARN_CONSTANT_CONVERSION = YES;
				CLANG_WARN_DIRECT_OBJC_ISA_USAGE = YES_ERROR;
				CLANG_WARN_EMPTY_BODY = YES;
				CLANG_WARN_ENUM_CONVERSION = YES;
				CLANG_WARN_INT_CONVERSION = YES;
				CLANG_WARN_OBJC_ROOT_CLASS = YES_ERROR;
				CLANG_WARN_UNREACHABLE_CODE = YES;
				CLANG_WARN__DUPLICATE_METHOD_MATCH = YES;
				"CODE_SIGN_IDENTITY[sdk=iphoneos*]" = "iPhone Developer";
				COPY_PHASE_STRIP = YES;
				ENABLE_NS_ASSERTIONS = NO;
				ENABLE_STRICT_OBJC_MSGSEND = YES;
				GCC_C_LANGUAGE_STANDARD = gnu99;
				GCC_WARN_64_TO_32_BIT_CONVERSION = YES;
				GCC_WARN_ABOUT_RETURN_TYPE = YES_ERROR;
				GCC_WARN_UNDECLARED_SELECTOR = YES;
				GCC_WARN_UNINITIALIZED_AUTOS = YES_AGGRESSIVE;
				GCC_WARN_UNUSED_FUNCTION = YES;
				GCC_WARN_UNUSED_VARIABLE = YES;
				IPHONEOS_DEPLOYMENT_TARGET = 8.0;
				METAL_ENABLE_DEBUG_INFO = NO;
				SDKROOT = iphoneos;
				VALIDATE_PRODUCT = YES;
			};
			name = Release;
		};
		0EEA7DFD193F8FDB00CAED5D /* Debug */ = {
			isa = XCBuildConfiguration;
			buildSettings = {
				ASSETCATALOG_COMPILER_APPICON_NAME = AppIcon;
				ASSETCATALOG_COMPILER_LAUNCHIMAGE_NAME = LaunchImage;
				CLANG_ENABLE_MODULES = YES;
				HEADER_SEARCH_PATHS = (
					"$(inherited)",
					"/Applications/Xcode\\ 6.app/Contents/Developer/Toolchains/XcodeDefault.xctoolchain/usr/include",
					/usr/include/libxml2,
				);
				INFOPLIST_FILE = KUCI/Info.plist;
				LD_RUNPATH_SEARCH_PATHS = "$(inherited) @executable_path/Frameworks";
				PRODUCT_NAME = "$(TARGET_NAME)";
				SWIFT_OBJC_BRIDGING_HEADER = "KUCI/KUCI-Bridging-Header.h";
				SWIFT_OPTIMIZATION_LEVEL = "-Onone";
			};
			name = Debug;
		};
		0EEA7DFE193F8FDB00CAED5D /* Release */ = {
			isa = XCBuildConfiguration;
			buildSettings = {
				ASSETCATALOG_COMPILER_APPICON_NAME = AppIcon;
				ASSETCATALOG_COMPILER_LAUNCHIMAGE_NAME = LaunchImage;
				CLANG_ENABLE_MODULES = YES;
				HEADER_SEARCH_PATHS = (
					"$(inherited)",
					"/Applications/Xcode\\ 6.app/Contents/Developer/Toolchains/XcodeDefault.xctoolchain/usr/include",
					/usr/include/libxml2,
				);
				INFOPLIST_FILE = KUCI/Info.plist;
				LD_RUNPATH_SEARCH_PATHS = "$(inherited) @executable_path/Frameworks";
				PRODUCT_NAME = "$(TARGET_NAME)";
				SWIFT_OBJC_BRIDGING_HEADER = "KUCI/KUCI-Bridging-Header.h";
			};
			name = Release;
		};
		0EEA7E00193F8FDB00CAED5D /* Debug */ = {
			isa = XCBuildConfiguration;
			buildSettings = {
				BUNDLE_LOADER = "$(BUILT_PRODUCTS_DIR)/KUCI.app/KUCI";
				FRAMEWORK_SEARCH_PATHS = (
					"$(SDKROOT)/Developer/Library/Frameworks",
					"$(inherited)",
				);
				GCC_PREPROCESSOR_DEFINITIONS = (
					"DEBUG=1",
					"$(inherited)",
				);
				INFOPLIST_FILE = KUCITests/Info.plist;
				LD_RUNPATH_SEARCH_PATHS = "$(inherited) @executable_path/Frameworks @loader_path/Frameworks";
				METAL_ENABLE_DEBUG_INFO = YES;
				PRODUCT_NAME = "$(TARGET_NAME)";
				TEST_HOST = "$(BUNDLE_LOADER)";
			};
			name = Debug;
		};
		0EEA7E01193F8FDB00CAED5D /* Release */ = {
			isa = XCBuildConfiguration;
			buildSettings = {
				BUNDLE_LOADER = "$(BUILT_PRODUCTS_DIR)/KUCI.app/KUCI";
				FRAMEWORK_SEARCH_PATHS = (
					"$(SDKROOT)/Developer/Library/Frameworks",
					"$(inherited)",
				);
				INFOPLIST_FILE = KUCITests/Info.plist;
				LD_RUNPATH_SEARCH_PATHS = "$(inherited) @executable_path/Frameworks @loader_path/Frameworks";
				METAL_ENABLE_DEBUG_INFO = NO;
				PRODUCT_NAME = "$(TARGET_NAME)";
				TEST_HOST = "$(BUNDLE_LOADER)";
			};
			name = Release;
		};
/* End XCBuildConfiguration section */

/* Begin XCConfigurationList section */
		0EEA7DDB193F8FDB00CAED5D /* Build configuration list for PBXProject "KUCI" */ = {
			isa = XCConfigurationList;
			buildConfigurations = (
				0EEA7DFA193F8FDB00CAED5D /* Debug */,
				0EEA7DFB193F8FDB00CAED5D /* Release */,
			);
			defaultConfigurationIsVisible = 0;
			defaultConfigurationName = Release;
		};
		0EEA7DFC193F8FDB00CAED5D /* Build configuration list for PBXNativeTarget "KUCI" */ = {
			isa = XCConfigurationList;
			buildConfigurations = (
				0EEA7DFD193F8FDB00CAED5D /* Debug */,
				0EEA7DFE193F8FDB00CAED5D /* Release */,
			);
			defaultConfigurationIsVisible = 0;
			defaultConfigurationName = Release;
		};
		0EEA7DFF193F8FDB00CAED5D /* Build configuration list for PBXNativeTarget "KUCITests" */ = {
			isa = XCConfigurationList;
			buildConfigurations = (
				0EEA7E00193F8FDB00CAED5D /* Debug */,
				0EEA7E01193F8FDB00CAED5D /* Release */,
			);
			defaultConfigurationIsVisible = 0;
			defaultConfigurationName = Release;
		};
/* End XCConfigurationList section */
	};
	rootObject = 0EEA7DD8193F8FDB00CAED5D /* Project object */;
}
